
Microsoft Visual Studio Solution File, Format Version 12.00
# Visual Studio Version 17
VisualStudioVersion = 17.7.34031.279
MinimumVisualStudioVersion = 10.0.40219.1
Project("{8BC9CEB8-8B4A-11D0-8D11-00A0C91BC942}") = "Dijkstra Algorithm", "Dijkstra Algorithm\Dijkstra Algorithm.vcxproj", "{B857C99C-164A-4CC6-8AA9-803CB5A552A8}"
EndProject
Project("{8BC9CEB8-8B4A-11D0-8D11-00A0C91BC942}") = "Dijkstra tests", "Dijkstra tests\Dijkstra tests.vcxproj", "{0C6C1300-9BDB-4FFE-A67D-4D4F1BDB585F}"
EndProject
Global
	GlobalSection(SolutionConfigurationPlatforms) = preSolution
		Debug|x64 = Debug|x64
		Debug|x86 = Debug|x86
		Release|x64 = Release|x64
		Release|x86 = Release|x86
	EndGlobalSection
	GlobalSection(ProjectConfigurationPlatforms) = postSolution
		{B857C99C-164A-4CC6-8AA9-803CB5A552A8}.Debug|x64.ActiveCfg = Debug|x64
		{B857C99C-164A-4CC6-8AA9-803CB5A552A8}.Debug|x64.Build.0 = Debug|x64
		{B857C99C-164A-4CC6-8AA9-803CB5A552A8}.Debug|x86.ActiveCfg = Debug|Win32
		{B857C99C-164A-4CC6-8AA9-803CB5A552A8}.Debug|x86.Build.0 = Debug|Win32
		{B857C99C-164A-4CC6-8AA9-803CB5A552A8}.Release|x64.ActiveCfg = Release|x64
		{B857C99C-164A-4CC6-8AA9-803CB5A552A8}.Release|x64.Build.0 = Release|x64
		{B857C99C-164A-4CC6-8AA9-803CB5A552A8}.Release|x86.ActiveCfg = Release|Win32
		{B857C99C-164A-4CC6-8AA9-803CB5A552A8}.Release|x86.Build.0 = Release|Win32
		{0C6C1300-9BDB-4FFE-A67D-4D4F1BDB585F}.Debug|x64.ActiveCfg = Debug|x64
		{0C6C1300-9BDB-4FFE-A67D-4D4F1BDB585F}.Debug|x64.Build.0 = Debug|x64
		{0C6C1300-9BDB-4FFE-A67D-4D4F1BDB585F}.Debug|x86.ActiveCfg = Debug|Win32
		{0C6C1300-9BDB-4FFE-A67D-4D4F1BDB585F}.Debug|x86.Build.0 = Debug|Win32
		{0C6C1300-9BDB-4FFE-A67D-4D4F1BDB585F}.Release|x64.ActiveCfg = Release|x64
		{0C6C1300-9BDB-4FFE-A67D-4D4F1BDB585F}.Release|x64.Build.0 = Release|x64
		{0C6C1300-9BDB-4FFE-A67D-4D4F1BDB585F}.Release|x86.ActiveCfg = Release|Win32
		{0C6C1300-9BDB-4FFE-A67D-4D4F1BDB585F}.Release|x86.Build.0 = Release|Win32
	EndGlobalSection
	GlobalSection(SolutionProperties) = preSolution
		HideSolutionNode = FALSE
	EndGlobalSection
	GlobalSection(ExtensibilityGlobals) = postSolution
		SolutionGuid = {DC41616A-4483-4655-99D5-B3D95FE389B7}
	EndGlobalSection
EndGlobal
